version = 1
revision = 3
requires-python = ">=3.13"

[[package]]
name = "ieapp-cli"
version = "0.1.0"
source = { editable = "." }

[package.dev-dependencies]
dev = [
    { name = "ty" },
]

[package.metadata]

[package.metadata.requires-dev]
dev = [{ name = "ty", specifier = ">=0.0.1a26" }]

[[package]]
name = "ty"
version = "0.0.1a26"
source = { registry = "https://pypi.org/simple" }
sdist = { url = "https://files.pythonhosted.org/packages/39/39/b4b4ecb6ca6d7e937fa56f0b92a8f48d7719af8fe55bdbf667638e9f93e2/ty-0.0.1a26.tar.gz", hash = "sha256:65143f8efeb2da1644821b710bf6b702a31ddcf60a639d5a576db08bded91db4", size = 4432154, upload-time = "2025-11-10T18:02:30.142Z" }
wheels = [
    { url = "https://files.pythonhosted.org/packages/cc/6a/661833ecacc4d994f7e30a7f1307bfd3a4a91392a6b03fb6a018723e75b8/ty-0.0.1a26-py3-none-linux_armv6l.whl", hash = "sha256:09208dca99bb548e9200136d4d42618476bfe1f4d2066511f2c8e2e4dfeced5e", size = 9173869, upload-time = "2025-11-10T18:01:46.012Z" },
    { url = "https://files.pythonhosted.org/packages/66/a8/32ea50f064342de391a7267f84349287e2f1c2eb0ad4811d6110916179d6/ty-0.0.1a26-py3-none-macosx_10_12_x86_64.whl", hash = "sha256:91d12b66c91a1b82e698a2aa73fe043a1a9da83ff0dfd60b970500bee0963b91", size = 8973420, upload-time = "2025-11-10T18:01:49.32Z" },
    { url = "https://files.pythonhosted.org/packages/d1/f6/6659d55940cd5158a6740ae46a65be84a7ee9167738033a9b1259c36eef5/ty-0.0.1a26-py3-none-macosx_11_0_arm64.whl", hash = "sha256:c5bc6dfcea5477c81ad01d6a29ebc9bfcbdb21c34664f79c9e1b84be7aa8f289", size = 8528888, upload-time = "2025-11-10T18:01:51.511Z" },
    { url = "https://files.pythonhosted.org/packages/79/c9/4cbe7295013cc412b4f100b509aaa21982c08c59764a2efa537ead049345/ty-0.0.1a26-py3-none-manylinux_2_17_aarch64.manylinux2014_aarch64.whl", hash = "sha256:40e5d15635e9918924138e8d3fb1cbf80822dfb8dc36ea8f3e72df598c0c4bea", size = 8801867, upload-time = "2025-11-10T18:01:53.888Z" },
    { url = "https://files.pythonhosted.org/packages/ed/b3/25099b219a6444c4b29f175784a275510c1cd85a23a926d687ab56915027/ty-0.0.1a26-py3-none-manylinux_2_17_armv7l.manylinux2014_armv7l.whl", hash = "sha256:86dc147ed0790c7c8fd3f0d6c16c3c5135b01e99c440e89c6ca1e0e592bb6682", size = 8975519, upload-time = "2025-11-10T18:01:56.231Z" },
    { url = "https://files.pythonhosted.org/packages/73/3e/3ad570f4f592cb1d11982dd2c426c90d2aa9f3d38bf77a7e2ce8aa614302/ty-0.0.1a26-py3-none-manylinux_2_17_i686.manylinux2014_i686.whl", hash = "sha256:fbe0e07c9d5e624edfc79a468f2ef191f9435581546a5bb6b92713ddc86ad4a6", size = 9331932, upload-time = "2025-11-10T18:01:58.476Z" },
    { url = "https://files.pythonhosted.org/packages/04/fa/62c72eead0302787f9cc0d613fc671107afeecdaf76ebb04db8f91bb9f7e/ty-0.0.1a26-py3-none-manylinux_2_17_ppc64.manylinux2014_ppc64.whl", hash = "sha256:0dcebbfe9f24b43d98a078f4a41321ae7b08bea40f5c27d81394b3f54e9f7fb5", size = 9921353, upload-time = "2025-11-10T18:02:00.749Z" },
    { url = "https://files.pythonhosted.org/packages/6c/1f/3b329c4b60d878704e09eb9d05467f911f188e699961c044b75932893e0a/ty-0.0.1a26-py3-none-manylinux_2_17_ppc64le.manylinux2014_ppc64le.whl", hash = "sha256:0901b75afc7738224ffc98bbc8ea03a20f167a2a83a4b23a6550115e8b3ddbc6", size = 9700800, upload-time = "2025-11-10T18:02:03.544Z" },
    { url = "https://files.pythonhosted.org/packages/92/24/13fcba20dd86a7c3f83c814279aa3eb6a29c5f1b38a3b3a4a0fd22159189/ty-0.0.1a26-py3-none-manylinux_2_17_s390x.manylinux2014_s390x.whl", hash = "sha256:4788f34d384c132977958d76fef7f274f8d181b22e33933c4d16cff2bb5ca3b9", size = 9728289, upload-time = "2025-11-10T18:02:06.386Z" },
    { url = "https://files.pythonhosted.org/packages/40/7a/798894ff0b948425570b969be35e672693beeb6b852815b7340bc8de1575/ty-0.0.1a26-py3-none-manylinux_2_17_x86_64.manylinux2014_x86_64.whl", hash = "sha256:b98851c11c560ce63cd972ed9728aa079d9cf40483f2cdcf3626a55849bfe107", size = 9279735, upload-time = "2025-11-10T18:02:09.425Z" },
    { url = "https://files.pythonhosted.org/packages/1a/54/71261cc1b8dc7d3c4ad92a83b4d1681f5cb7ea5965ebcbc53311ae8c6424/ty-0.0.1a26-py3-none-musllinux_1_2_aarch64.whl", hash = "sha256:c20b4625a20059adecd86fe2c4df87cd6115fea28caee45d3bdcf8fb83d29510", size = 8767428, upload-time = "2025-11-10T18:02:11.956Z" },
    { url = "https://files.pythonhosted.org/packages/8e/07/b248b73a640badba2b301e6845699b7dd241f40a321b9b1bce684d440f70/ty-0.0.1a26-py3-none-musllinux_1_2_armv7l.whl", hash = "sha256:d9909e96276f8d16382d285db92ae902174cae842aa953003ec0c06642db2f8a", size = 9009170, upload-time = "2025-11-10T18:02:14.878Z" },
    { url = "https://files.pythonhosted.org/packages/f8/35/ec8353f2bb7fd2f41bca6070b29ecb58e2de9af043e649678b8c132d5439/ty-0.0.1a26-py3-none-musllinux_1_2_i686.whl", hash = "sha256:a76d649ceefe9baa9bbae97d217bee076fd8eeb2a961f66f1dff73cc70af4ac8", size = 9119215, upload-time = "2025-11-10T18:02:18.329Z" },
    { url = "https://files.pythonhosted.org/packages/70/48/db49fe1b7e66edf90dc285869043f99c12aacf7a99c36ee760e297bac6d5/ty-0.0.1a26-py3-none-musllinux_1_2_x86_64.whl", hash = "sha256:a0ee0f6366bcf70fae114e714d45335cacc8daa936037441e02998a9110b7a29", size = 9398655, upload-time = "2025-11-10T18:02:21.031Z" },
    { url = "https://files.pythonhosted.org/packages/10/f8/d869492bdbb21ae8cf4c99b02f20812bbbf49aa187cfeb387dfaa03036a8/ty-0.0.1a26-py3-none-win32.whl", hash = "sha256:86689b90024810cac7750bf0c6e1652e4b4175a9de7b82b8b1583202aeb47287", size = 8645669, upload-time = "2025-11-10T18:02:23.23Z" },
    { url = "https://files.pythonhosted.org/packages/b4/18/8a907575d2b335afee7556cb92233ebb5efcefe17752fc9dcab21cffb23b/ty-0.0.1a26-py3-none-win_amd64.whl", hash = "sha256:829e6e6dbd7d9d370f97b2398b4804552554bdcc2d298114fed5e2ea06cbc05c", size = 9442975, upload-time = "2025-11-10T18:02:25.68Z" },
    { url = "https://files.pythonhosted.org/packages/e9/22/af92dcfdd84b78dd97ac6b7154d6a763781f04a400140444885c297cc213/ty-0.0.1a26-py3-none-win_arm64.whl", hash = "sha256:b8f431c784d4cf5b4195a3521b2eca9c15902f239b91154cb920da33f943c62b", size = 8958958, upload-time = "2025-11-10T18:02:28.071Z" },
]
