version = 1
revision = 3
requires-python = ">=3.12"

[[package]]
name = "colorama"
version = "0.4.6"
source = { registry = "https://pypi.org/simple" }
sdist = { url = "https://files.pythonhosted.org/packages/d8/53/6f443c9a4a8358a93a6792e2acffb9d9d5cb0a5cfd8802644b7b1c9a02e4/colorama-0.4.6.tar.gz", hash = "sha256:08695f5cb7ed6e0531a20572697297273c47b8cae5a63ffc6d6ed5c201be6e44", size = 27697, upload-time = "2022-10-25T02:36:22.414Z" }
wheels = [
    { url = "https://files.pythonhosted.org/packages/d1/d6/3965ed04c63042e047cb6a3e6ed1a63a35087b6a609aa3a15ed8ac56c221/colorama-0.4.6-py2.py3-none-any.whl", hash = "sha256:4f1d9991f5acc0ca119f9d443620b77f9d6b33703e51011c16baf57afb285fc6", size = 25335, upload-time = "2022-10-25T02:36:20.889Z" },
]

[[package]]
name = "iniconfig"
version = "2.3.0"
source = { registry = "https://pypi.org/simple" }
sdist = { url = "https://files.pythonhosted.org/packages/72/34/14ca021ce8e5dfedc35312d08ba8bf51fdd999c576889fc2c24cb97f4f10/iniconfig-2.3.0.tar.gz", hash = "sha256:c76315c77db068650d49c5b56314774a7804df16fee4402c1f19d6d15d8c4730", size = 20503, upload-time = "2025-10-18T21:55:43.219Z" }
wheels = [
    { url = "https://files.pythonhosted.org/packages/cb/b1/3846dd7f199d53cb17f49cba7e651e9ce294d8497c8c150530ed11865bb8/iniconfig-2.3.0-py3-none-any.whl", hash = "sha256:f631c04d2c48c52b84d0d0549c99ff3859c98df65b3101406327ecc7d53fbf12", size = 7484, upload-time = "2025-10-18T21:55:41.639Z" },
]

[[package]]
name = "maturin"
version = "1.12.2"
source = { registry = "https://pypi.org/simple" }
sdist = { url = "https://files.pythonhosted.org/packages/ae/13/aeff8a21835ed0e40c329c286750fcdcdcbf231f1a5cb327378666c5def6/maturin-1.12.2.tar.gz", hash = "sha256:d6253079f53dbb692395a13abddc0f2d3d96af32f8c0b32e2912849713c55794", size = 257279, upload-time = "2026-02-16T13:56:20.221Z" }
wheels = [
    { url = "https://files.pythonhosted.org/packages/8a/9d/4811e1fcaa346a0b9fad6aee0ac0eec9eb376a24fe27c66d5d4fe975586e/maturin-1.12.2-py3-none-linux_armv6l.whl", hash = "sha256:0ed31b6a392928ad23645a470edc4f3814b952a416e41f8e5daac42d7bfbabc6", size = 9653200, upload-time = "2026-02-16T13:56:16.216Z" },
    { url = "https://files.pythonhosted.org/packages/69/db/74d582af74c32bbda12e4d7e153b389884409a1c5cd31edc9d3194d515f7/maturin-1.12.2-py3-none-macosx_10_12_x86_64.macosx_11_0_arm64.macosx_10_12_universal2.whl", hash = "sha256:f1c2e4ee43bf286b052091a3b2356a157978985837c7aed42354deb2947a4006", size = 18870087, upload-time = "2026-02-16T13:56:18.463Z" },
    { url = "https://files.pythonhosted.org/packages/9d/6f/71be226c6780387f032c0b4ab791c390c7162ed62f93a11e600f9266dafd/maturin-1.12.2-py3-none-macosx_10_12_x86_64.whl", hash = "sha256:04c9c4f9c9f904f007cbfcd4640c406e53f19d04c220f5940d1537edb914d325", size = 9762083, upload-time = "2026-02-16T13:56:27.853Z" },
    { url = "https://files.pythonhosted.org/packages/6a/cc/989dce6140227277b4184aab248d07fe67fa11f95411ccf90e272542287d/maturin-1.12.2-py3-none-manylinux_2_12_i686.manylinux2010_i686.musllinux_1_1_i686.whl", hash = "sha256:4bdc486b9ab80d8b50143ecc9a1924b890866fe95be150dd9a59fa22a6b37238", size = 9710711, upload-time = "2026-02-16T13:56:21.364Z" },
    { url = "https://files.pythonhosted.org/packages/a1/e8/02bb64f7150013d8af3ca622944e22f550beb312b6d5cf8760dc2896cce8/maturin-1.12.2-py3-none-manylinux_2_12_x86_64.manylinux2010_x86_64.musllinux_1_1_x86_64.whl", hash = "sha256:134e895578258a693ba1d55b166c2ba96e9f51067e106b8a74d422432653d45b", size = 10205015, upload-time = "2026-02-16T13:56:07.994Z" },
    { url = "https://files.pythonhosted.org/packages/84/81/b603a74bef68fabd402d1e54f43560213ea69c3c01467610d0256eea013b/maturin-1.12.2-py3-none-manylinux_2_17_aarch64.manylinux2014_aarch64.musllinux_1_1_aarch64.whl", hash = "sha256:39665d622dcc950ab17b9569e8cab84a4d64eea6a18b540a8b49e00c0f7dda02", size = 9536887, upload-time = "2026-02-16T13:56:25.658Z" },
    { url = "https://files.pythonhosted.org/packages/70/a5/387c7bced34f7fd8d08d399c6b1ac3d94d7ca50c9f87db9e1bc0dd8c8d08/maturin-1.12.2-py3-none-manylinux_2_17_armv7l.manylinux2014_armv7l.musllinux_1_1_armv7l.whl", hash = "sha256:ca3b20bcc3aff115c9eaf97340e78bff58829ea1efa16764940dd0d858dcf6af", size = 9487394, upload-time = "2026-02-16T13:56:29.875Z" },
    { url = "https://files.pythonhosted.org/packages/6d/30/d5ae812c54a70d5d3a5b67b073e92d1d14d36675242e2d00e6a175fa6117/maturin-1.12.2-py3-none-manylinux_2_17_ppc64le.manylinux2014_ppc64le.musllinux_1_1_ppc64le.whl", hash = "sha256:d1617989b4a5dc543fea6d23c28b2f07fadb2c726ff00fe959538ee71a301384", size = 12577754, upload-time = "2026-02-16T13:56:31.902Z" },
    { url = "https://files.pythonhosted.org/packages/84/f4/7baac2fa5324ccdc3f888ff5f6a793f3eb5a7805d89bc17a8bacbe9fc566/maturin-1.12.2-py3-none-manylinux_2_17_s390x.manylinux2014_s390x.whl", hash = "sha256:6af778e7ee048612e55a1255488db7678741bea2ba881e66a19712f59f2534cb", size = 10375409, upload-time = "2026-02-16T13:56:23.316Z" },
    { url = "https://files.pythonhosted.org/packages/6f/ed/5680efbb1becb4f47da3ada8ea4eb6844d2fd91ae558287e1dd0871cb603/maturin-1.12.2-py3-none-manylinux_2_31_riscv64.musllinux_1_1_riscv64.whl", hash = "sha256:72aad9efe09a6392de9930f2bea80bfcc36fd98e18caa621f512571179c02d41", size = 10010584, upload-time = "2026-02-16T13:56:10.357Z" },
    { url = "https://files.pythonhosted.org/packages/86/20/7e27e07dd2270b707dd0124256cd46bef7c8832476b0aefa2ecd74835365/maturin-1.12.2-py3-none-win32.whl", hash = "sha256:9763d277e143409cf0ce309eb1a493fc4e1e75777364d67ccac39a161b51b5b0", size = 8483122, upload-time = "2026-02-16T13:56:12.606Z" },
    { url = "https://files.pythonhosted.org/packages/3b/6e/9cc0e19c9a336fbc1b9664c1a7955caa6d8fd510c0047ace9be66a33704a/maturin-1.12.2-py3-none-win_amd64.whl", hash = "sha256:c06d218931985035d7ab4d0211ba96027e1bc7e4b01a87c8c4e30a57790403ec", size = 9825577, upload-time = "2026-02-16T13:56:34.193Z" },
    { url = "https://files.pythonhosted.org/packages/2e/67/07ea2c991ca1a55c6b08cd821710736276af7a3e160e1f869ea5c41c78c3/maturin-1.12.2-py3-none-win_arm64.whl", hash = "sha256:a882cc80c241b1e2c27bd1acd713b09e9ac9266a3159cc1e34e8c7b77f049bba", size = 8522702, upload-time = "2026-02-16T13:56:14.42Z" },
]

[[package]]
name = "packaging"
version = "25.0"
source = { registry = "https://pypi.org/simple" }
sdist = { url = "https://files.pythonhosted.org/packages/a1/d4/1fc4078c65507b51b96ca8f8c3ba19e6a61c8253c72794544580a7b6c24d/packaging-25.0.tar.gz", hash = "sha256:d443872c98d677bf60f6a1f2f8c1cb748e8fe762d2bf9d3148b5599295b0fc4f", size = 165727, upload-time = "2025-04-19T11:48:59.673Z" }
wheels = [
    { url = "https://files.pythonhosted.org/packages/20/12/38679034af332785aac8774540895e234f4d07f7545804097de4b666afd8/packaging-25.0-py3-none-any.whl", hash = "sha256:29572ef2b1f17581046b3a2227d5c611fb25ec70ca1ba8554b24b0e69331a484", size = 66469, upload-time = "2025-04-19T11:48:57.875Z" },
]

[[package]]
name = "patchelf"
version = "0.17.2.4"
source = { registry = "https://pypi.org/simple" }
sdist = { url = "https://files.pythonhosted.org/packages/2c/a3/fdd3fa938c864aa2f11dd0b7f08befeda983d2dcdee44da493c6977a653f/patchelf-0.17.2.4.tar.gz", hash = "sha256:970ee5cd8af33e5ea2099510b2f9013fa1b8d5cd763bf3fd3961281c18101a09", size = 149629, upload-time = "2025-07-23T21:16:32.071Z" }
wheels = [
    { url = "https://files.pythonhosted.org/packages/b1/a7/8c4f86c78ec03db954d05fd9c57a114cc3a172a2d3e4a8b949cd5ff89471/patchelf-0.17.2.4-py3-none-macosx_10_9_universal2.whl", hash = "sha256:343bb1b94e959f9070ca9607453b04390e36bbaa33c88640b989cefad0aa049e", size = 184436, upload-time = "2025-07-23T21:16:20.578Z" },
    { url = "https://files.pythonhosted.org/packages/0b/6d/2e9f5483cdb352fab36b8076667b062b2d79cb09d2e3fd09b6fca5771cb6/patchelf-0.17.2.4-py3-none-manylinux1_i686.manylinux_2_5_i686.musllinux_1_1_i686.whl", hash = "sha256:09fd848d625a165fc7b7e07745508c24077129b019c4415a882938781d43adf8", size = 547318, upload-time = "2025-07-23T21:16:22.135Z" },
    { url = "https://files.pythonhosted.org/packages/7e/19/f7821ef31aab01fa7dc8ebe697ece88ec4f7a0fdd3155dab2dfee4b00e5c/patchelf-0.17.2.4-py3-none-manylinux1_x86_64.manylinux_2_5_x86_64.musllinux_1_1_x86_64.whl", hash = "sha256:d9b35ebfada70c02679ad036407d9724ffe1255122ba4ac5e4be5868618a5689", size = 482846, upload-time = "2025-07-23T21:16:23.73Z" },
    { url = "https://files.pythonhosted.org/packages/d1/50/107fea848ecfd851d473b079cab79107487d72c4c3cdb25b9d2603a24ca2/patchelf-0.17.2.4-py3-none-manylinux2014_aarch64.manylinux_2_17_aarch64.musllinux_1_1_aarch64.whl", hash = "sha256:2931a1b5b85f3549661898af7bf746afbda7903c7c9a967cfc998a3563f84fad", size = 477811, upload-time = "2025-07-23T21:16:25.145Z" },
    { url = "https://files.pythonhosted.org/packages/89/a9/a9a2103e159fd65bffbc21ecc5c8c36e44eb34fe53b4ef85fb6d08c2a635/patchelf-0.17.2.4-py3-none-manylinux2014_armv7l.manylinux_2_17_armv7l.musllinux_1_1_armv7l.whl", hash = "sha256:ae44cb3c857d50f54b99e5697aa978726ada33a8a6129d4b8b7ffd28b996652d", size = 431226, upload-time = "2025-07-23T21:16:26.765Z" },
    { url = "https://files.pythonhosted.org/packages/87/93/897d612f6df7cfd987bdf668425127efeff8d8e4ad8bfbab1c69d2a0d861/patchelf-0.17.2.4-py3-none-manylinux2014_ppc64le.manylinux_2_17_ppc64le.musllinux_1_1_ppc64le.whl", hash = "sha256:680a266a70f60a7a4f4c448482c5bdba80cc8e6bb155a49dcc24238ba49927b0", size = 540276, upload-time = "2025-07-23T21:16:27.983Z" },
    { url = "https://files.pythonhosted.org/packages/5d/b8/2b92d11533482bac9ee989081d6880845287751b5f528adbd6bb27667fbd/patchelf-0.17.2.4-py3-none-manylinux2014_s390x.manylinux_2_17_s390x.musllinux_1_1_s390x.whl", hash = "sha256:d842b51f0401460f3b1f3a3a67d2c266a8f515a5adfbfa6e7b656cb3ac2ed8bc", size = 596632, upload-time = "2025-07-23T21:16:29.253Z" },
    { url = "https://files.pythonhosted.org/packages/14/e2/975d4bdb418f942b53e6187b95bd9e0d5e0488b7bc214685a1e43e2c2751/patchelf-0.17.2.4-py3-none-manylinux_2_31_riscv64.musllinux_1_1_riscv64.whl", hash = "sha256:7076d9e127230982e20a81a6e2358d3343004667ba510d9f822d4fdee29b0d71", size = 508281, upload-time = "2025-07-23T21:16:30.865Z" },
]

[[package]]
name = "pluggy"
version = "1.6.0"
source = { registry = "https://pypi.org/simple" }
sdist = { url = "https://files.pythonhosted.org/packages/f9/e2/3e91f31a7d2b083fe6ef3fa267035b518369d9511ffab804f839851d2779/pluggy-1.6.0.tar.gz", hash = "sha256:7dcc130b76258d33b90f61b658791dede3486c3e6bfb003ee5c9bfb396dd22f3", size = 69412, upload-time = "2025-05-15T12:30:07.975Z" }
wheels = [
    { url = "https://files.pythonhosted.org/packages/54/20/4d324d65cc6d9205fabedc306948156824eb9f0ee1633355a8f7ec5c66bf/pluggy-1.6.0-py3-none-any.whl", hash = "sha256:e920276dd6813095e9377c0bc5566d94c932c33b27a3e3945d8389c374dd4746", size = 20538, upload-time = "2025-05-15T12:30:06.134Z" },
]

[[package]]
name = "pygments"
version = "2.19.2"
source = { registry = "https://pypi.org/simple" }
sdist = { url = "https://files.pythonhosted.org/packages/b0/77/a5b8c569bf593b0140bde72ea885a803b82086995367bf2037de0159d924/pygments-2.19.2.tar.gz", hash = "sha256:636cb2477cec7f8952536970bc533bc43743542f70392ae026374600add5b887", size = 4968631, upload-time = "2025-06-21T13:39:12.283Z" }
wheels = [
    { url = "https://files.pythonhosted.org/packages/c7/21/705964c7812476f378728bdf590ca4b771ec72385c533964653c68e86bdc/pygments-2.19.2-py3-none-any.whl", hash = "sha256:86540386c03d588bb81d44bc3928634ff26449851e99741617ecb9037ee5ec0b", size = 1225217, upload-time = "2025-06-21T13:39:07.939Z" },
]

[[package]]
name = "pytest"
version = "9.0.2"
source = { registry = "https://pypi.org/simple" }
dependencies = [
    { name = "colorama", marker = "sys_platform == 'win32'" },
    { name = "iniconfig" },
    { name = "packaging" },
    { name = "pluggy" },
    { name = "pygments" },
]
sdist = { url = "https://files.pythonhosted.org/packages/d1/db/7ef3487e0fb0049ddb5ce41d3a49c235bf9ad299b6a25d5780a89f19230f/pytest-9.0.2.tar.gz", hash = "sha256:75186651a92bd89611d1d9fc20f0b4345fd827c41ccd5c299a868a05d70edf11", size = 1568901, upload-time = "2025-12-06T21:30:51.014Z" }
wheels = [
    { url = "https://files.pythonhosted.org/packages/3b/ab/b3226f0bd7cdcf710fbede2b3548584366da3b19b5021e74f5bde2a8fa3f/pytest-9.0.2-py3-none-any.whl", hash = "sha256:711ffd45bf766d5264d487b917733b453d917afd2b0ad65223959f59089f875b", size = 374801, upload-time = "2025-12-06T21:30:49.154Z" },
]

[[package]]
name = "pytest-asyncio"
version = "1.3.0"
source = { registry = "https://pypi.org/simple" }
dependencies = [
    { name = "pytest" },
    { name = "typing-extensions", marker = "python_full_version < '3.13'" },
]
sdist = { url = "https://files.pythonhosted.org/packages/90/2c/8af215c0f776415f3590cac4f9086ccefd6fd463befeae41cd4d3f193e5a/pytest_asyncio-1.3.0.tar.gz", hash = "sha256:d7f52f36d231b80ee124cd216ffb19369aa168fc10095013c6b014a34d3ee9e5", size = 50087, upload-time = "2025-11-10T16:07:47.256Z" }
wheels = [
    { url = "https://files.pythonhosted.org/packages/e5/35/f8b19922b6a25bc0880171a2f1a003eaeb93657475193ab516fd87cac9da/pytest_asyncio-1.3.0-py3-none-any.whl", hash = "sha256:611e26147c7f77640e6d0a92a38ed17c3e9848063698d5c93d5aa7aa11cebff5", size = 15075, upload-time = "2025-11-10T16:07:45.537Z" },
]

[[package]]
name = "ruff"
version = "0.15.2"
source = { registry = "https://pypi.org/simple" }
sdist = { url = "https://files.pythonhosted.org/packages/06/04/eab13a954e763b0606f460443fcbf6bb5a0faf06890ea3754ff16523dce5/ruff-0.15.2.tar.gz", hash = "sha256:14b965afee0969e68bb871eba625343b8673375f457af4abe98553e8bbb98342", size = 4558148, upload-time = "2026-02-19T22:32:20.271Z" }
wheels = [
    { url = "https://files.pythonhosted.org/packages/2f/70/3a4dc6d09b13cb3e695f28307e5d889b2e1a66b7af9c5e257e796695b0e6/ruff-0.15.2-py3-none-linux_armv6l.whl", hash = "sha256:120691a6fdae2f16d65435648160f5b81a9625288f75544dc40637436b5d3c0d", size = 10430565, upload-time = "2026-02-19T22:32:41.824Z" },
    { url = "https://files.pythonhosted.org/packages/71/0b/bb8457b56185ece1305c666dc895832946d24055be90692381c31d57466d/ruff-0.15.2-py3-none-macosx_10_12_x86_64.whl", hash = "sha256:a89056d831256099658b6bba4037ac6dd06f49d194199215befe2bb10457ea5e", size = 10820354, upload-time = "2026-02-19T22:32:07.366Z" },
    { url = "https://files.pythonhosted.org/packages/2d/c1/e0532d7f9c9e0b14c46f61b14afd563298b8b83f337b6789ddd987e46121/ruff-0.15.2-py3-none-macosx_11_0_arm64.whl", hash = "sha256:e36dee3a64be0ebd23c86ffa3aa3fd3ac9a712ff295e192243f814a830b6bd87", size = 10170767, upload-time = "2026-02-19T22:32:13.188Z" },
    { url = "https://files.pythonhosted.org/packages/47/e8/da1aa341d3af017a21c7a62fb5ec31d4e7ad0a93ab80e3a508316efbcb23/ruff-0.15.2-py3-none-manylinux_2_17_aarch64.manylinux2014_aarch64.whl", hash = "sha256:a9fb47b6d9764677f8c0a193c0943ce9a05d6763523f132325af8a858eadc2b9", size = 10529591, upload-time = "2026-02-19T22:32:02.547Z" },
    { url = "https://files.pythonhosted.org/packages/93/74/184fbf38e9f3510231fbc5e437e808f0b48c42d1df9434b208821efcd8d6/ruff-0.15.2-py3-none-manylinux_2_17_armv7l.manylinux2014_armv7l.whl", hash = "sha256:f376990f9d0d6442ea9014b19621d8f2aaf2b8e39fdbfc79220b7f0c596c9b80", size = 10260771, upload-time = "2026-02-19T22:32:36.938Z" },
    { url = "https://files.pythonhosted.org/packages/05/ac/605c20b8e059a0bc4b42360414baa4892ff278cec1c91fff4be0dceedefd/ruff-0.15.2-py3-none-manylinux_2_17_i686.manylinux2014_i686.whl", hash = "sha256:2dcc987551952d73cbf5c88d9fdee815618d497e4df86cd4c4824cc59d5dd75f", size = 11045791, upload-time = "2026-02-19T22:32:31.642Z" },
    { url = "https://files.pythonhosted.org/packages/fd/52/db6e419908f45a894924d410ac77d64bdd98ff86901d833364251bd08e22/ruff-0.15.2-py3-none-manylinux_2_17_ppc64le.manylinux2014_ppc64le.whl", hash = "sha256:42a47fd785cbe8c01b9ff45031af875d101b040ad8f4de7bbb716487c74c9a77", size = 11879271, upload-time = "2026-02-19T22:32:29.305Z" },
    { url = "https://files.pythonhosted.org/packages/3e/d8/7992b18f2008bdc9231d0f10b16df7dda964dbf639e2b8b4c1b4e91b83af/ruff-0.15.2-py3-none-manylinux_2_17_s390x.manylinux2014_s390x.whl", hash = "sha256:cbe9f49354866e575b4c6943856989f966421870e85cd2ac94dccb0a9dcb2fea", size = 11303707, upload-time = "2026-02-19T22:32:22.492Z" },
    { url = "https://files.pythonhosted.org/packages/d7/02/849b46184bcfdd4b64cde61752cc9a146c54759ed036edd11857e9b8443b/ruff-0.15.2-py3-none-manylinux_2_17_x86_64.manylinux2014_x86_64.whl", hash = "sha256:b7a672c82b5f9887576087d97be5ce439f04bbaf548ee987b92d3a7dede41d3a", size = 11149151, upload-time = "2026-02-19T22:32:44.234Z" },
    { url = "https://files.pythonhosted.org/packages/70/04/f5284e388bab60d1d3b99614a5a9aeb03e0f333847e2429bebd2aaa1feec/ruff-0.15.2-py3-none-manylinux_2_31_riscv64.whl", hash = "sha256:72ecc64f46f7019e2bcc3cdc05d4a7da958b629a5ab7033195e11a438403d956", size = 11091132, upload-time = "2026-02-19T22:32:24.691Z" },
    { url = "https://files.pythonhosted.org/packages/fa/ae/88d844a21110e14d92cf73d57363fab59b727ebeabe78009b9ccb23500af/ruff-0.15.2-py3-none-musllinux_1_2_aarch64.whl", hash = "sha256:8dcf243b15b561c655c1ef2f2b0050e5d50db37fe90115507f6ff37d865dc8b4", size = 10504717, upload-time = "2026-02-19T22:32:26.75Z" },
    { url = "https://files.pythonhosted.org/packages/64/27/867076a6ada7f2b9c8292884ab44d08fd2ba71bd2b5364d4136f3cd537e1/ruff-0.15.2-py3-none-musllinux_1_2_armv7l.whl", hash = "sha256:dab6941c862c05739774677c6273166d2510d254dac0695c0e3f5efa1b5585de", size = 10263122, upload-time = "2026-02-19T22:32:10.036Z" },
    { url = "https://files.pythonhosted.org/packages/e7/ef/faf9321d550f8ebf0c6373696e70d1758e20ccdc3951ad7af00c0956be7c/ruff-0.15.2-py3-none-musllinux_1_2_i686.whl", hash = "sha256:1b9164f57fc36058e9a6806eb92af185b0697c9fe4c7c52caa431c6554521e5c", size = 10735295, upload-time = "2026-02-19T22:32:39.227Z" },
    { url = "https://files.pythonhosted.org/packages/2f/55/e8089fec62e050ba84d71b70e7834b97709ca9b7aba10c1a0b196e493f97/ruff-0.15.2-py3-none-musllinux_1_2_x86_64.whl", hash = "sha256:80d24fcae24d42659db7e335b9e1531697a7102c19185b8dc4a028b952865fd8", size = 11241641, upload-time = "2026-02-19T22:32:34.617Z" },
    { url = "https://files.pythonhosted.org/packages/23/01/1c30526460f4d23222d0fabd5888868262fd0e2b71a00570ca26483cd993/ruff-0.15.2-py3-none-win32.whl", hash = "sha256:fd5ff9e5f519a7e1bd99cbe8daa324010a74f5e2ebc97c6242c08f26f3714f6f", size = 10507885, upload-time = "2026-02-19T22:32:15.635Z" },
    { url = "https://files.pythonhosted.org/packages/5c/10/3d18e3bbdf8fc50bbb4ac3cc45970aa5a9753c5cb51bf9ed9a3cd8b79fa3/ruff-0.15.2-py3-none-win_amd64.whl", hash = "sha256:d20014e3dfa400f3ff84830dfb5755ece2de45ab62ecea4af6b7262d0fb4f7c5", size = 11623725, upload-time = "2026-02-19T22:32:04.947Z" },
    { url = "https://files.pythonhosted.org/packages/6d/78/097c0798b1dab9f8affe73da9642bb4500e098cb27fd8dc9724816ac747b/ruff-0.15.2-py3-none-win_arm64.whl", hash = "sha256:cabddc5822acdc8f7b5527b36ceac55cc51eec7b1946e60181de8fe83ca8876e", size = 10941649, upload-time = "2026-02-19T22:32:18.108Z" },
]

[[package]]
name = "ty"
version = "0.0.17"
source = { registry = "https://pypi.org/simple" }
sdist = { url = "https://files.pythonhosted.org/packages/66/c3/41ae6346443eedb65b96761abfab890a48ce2aa5a8a27af69c5c5d99064d/ty-0.0.17.tar.gz", hash = "sha256:847ed6c120913e280bf9b54d8eaa7a1049708acb8824ad234e71498e8ad09f97", size = 5167209, upload-time = "2026-02-13T13:26:36.835Z" }
wheels = [
    { url = "https://files.pythonhosted.org/packages/c0/01/0ef15c22a1c54b0f728ceff3f62d478dbf8b0dcf8ff7b80b954f79584f3e/ty-0.0.17-py3-none-linux_armv6l.whl", hash = "sha256:64a9a16555cc8867d35c2647c2f1afbd3cae55f68fd95283a574d1bb04fe93e0", size = 10192793, upload-time = "2026-02-13T13:27:13.943Z" },
    { url = "https://files.pythonhosted.org/packages/0f/2c/f4c322d9cded56edc016b1092c14b95cf58c8a33b4787316ea752bb9418e/ty-0.0.17-py3-none-macosx_10_12_x86_64.whl", hash = "sha256:eb2dbd8acd5c5a55f4af0d479523e7c7265a88542efe73ed3d696eb1ba7b6454", size = 10051977, upload-time = "2026-02-13T13:26:57.741Z" },
    { url = "https://files.pythonhosted.org/packages/4c/a5/43746c1ff81e784f5fc303afc61fe5bcd85d0fcf3ef65cb2cef78c7486c7/ty-0.0.17-py3-none-macosx_11_0_arm64.whl", hash = "sha256:f18f5fd927bc628deb9ea2df40f06b5f79c5ccf355db732025a3e8e7152801f6", size = 9564639, upload-time = "2026-02-13T13:26:42.781Z" },
    { url = "https://files.pythonhosted.org/packages/d6/b8/280b04e14a9c0474af574f929fba2398b5e1c123c1e7735893b4cd73d13c/ty-0.0.17-py3-none-manylinux_2_17_aarch64.manylinux2014_aarch64.whl", hash = "sha256:5383814d1d7a5cc53b3b07661856bab04bb2aac7a677c8d33c55169acdaa83df", size = 10061204, upload-time = "2026-02-13T13:27:00.152Z" },
    { url = "https://files.pythonhosted.org/packages/2a/d7/493e1607d8dfe48288d8a768a2adc38ee27ef50e57f0af41ff273987cda0/ty-0.0.17-py3-none-manylinux_2_17_armv7l.manylinux2014_armv7l.whl", hash = "sha256:9c20423b8744b484f93e7bf2ef8a9724bca2657873593f9f41d08bd9f83444c9", size = 10013116, upload-time = "2026-02-13T13:26:34.543Z" },
    { url = "https://files.pythonhosted.org/packages/80/ef/22f3ed401520afac90dbdf1f9b8b7755d85b0d5c35c1cb35cf5bd11b59c2/ty-0.0.17-py3-none-manylinux_2_17_i686.manylinux2014_i686.whl", hash = "sha256:e6f5b1aba97db9af86517b911674b02f5bc310750485dc47603a105bd0e83ddd", size = 10533623, upload-time = "2026-02-13T13:26:31.449Z" },
    { url = "https://files.pythonhosted.org/packages/75/ce/744b15279a11ac7138832e3a55595706b4a8a209c9f878e3ab8e571d9032/ty-0.0.17-py3-none-manylinux_2_17_ppc64le.manylinux2014_ppc64le.whl", hash = "sha256:488bce1a9bea80b851a97cd34c4d2ffcd69593d6c3f54a72ae02e5c6e47f3d0c", size = 11069750, upload-time = "2026-02-13T13:26:48.638Z" },
    { url = "https://files.pythonhosted.org/packages/f2/be/1133c91f15a0e00d466c24f80df486d630d95d1b2af63296941f7473812f/ty-0.0.17-py3-none-manylinux_2_17_s390x.manylinux2014_s390x.whl", hash = "sha256:8df66b91ec84239420985ec215e7f7549bfda2ac036a3b3c065f119d1c06825a", size = 10870862, upload-time = "2026-02-13T13:26:54.715Z" },
    { url = "https://files.pythonhosted.org/packages/3e/4a/a2ed209ef215b62b2d3246e07e833081e07d913adf7e0448fc204be443d6/ty-0.0.17-py3-none-manylinux_2_17_x86_64.manylinux2014_x86_64.whl", hash = "sha256:002139e807c53002790dfefe6e2f45ab0e04012e76db3d7c8286f96ec121af8f", size = 10628118, upload-time = "2026-02-13T13:26:45.439Z" },
    { url = "https://files.pythonhosted.org/packages/b3/0c/87476004cb5228e9719b98afffad82c3ef1f84334bde8527bcacba7b18cb/ty-0.0.17-py3-none-musllinux_1_2_aarch64.whl", hash = "sha256:6c4e01f05ce82e5d489ab3900ca0899a56c4ccb52659453780c83e5b19e2b64c", size = 10038185, upload-time = "2026-02-13T13:27:02.693Z" },
    { url = "https://files.pythonhosted.org/packages/46/4b/98f0b3ba9aef53c1f0305519536967a4aa793a69ed72677b0a625c5313ac/ty-0.0.17-py3-none-musllinux_1_2_armv7l.whl", hash = "sha256:2b226dd1e99c0d2152d218c7e440150d1a47ce3c431871f0efa073bbf899e881", size = 10047644, upload-time = "2026-02-13T13:27:05.474Z" },
    { url = "https://files.pythonhosted.org/packages/93/e0/06737bb80aa1a9103b8651d2eb691a7e53f1ed54111152be25f4a02745db/ty-0.0.17-py3-none-musllinux_1_2_i686.whl", hash = "sha256:8b11f1da7859e0ad69e84b3c5ef9a7b055ceed376a432fad44231bdfc48061c2", size = 10231140, upload-time = "2026-02-13T13:27:10.844Z" },
    { url = "https://files.pythonhosted.org/packages/7c/79/e2a606bd8852383ba9abfdd578f4a227bd18504145381a10a5f886b4e751/ty-0.0.17-py3-none-musllinux_1_2_x86_64.whl", hash = "sha256:c04e196809ff570559054d3e011425fd7c04161529eb551b3625654e5f2434cb", size = 10718344, upload-time = "2026-02-13T13:26:51.66Z" },
    { url = "https://files.pythonhosted.org/packages/c5/2d/2663984ac11de6d78f74432b8b14ba64d170b45194312852b7543cf7fd56/ty-0.0.17-py3-none-win32.whl", hash = "sha256:305b6ed150b2740d00a817b193373d21f0767e10f94ac47abfc3b2e5a5aec809", size = 9672932, upload-time = "2026-02-13T13:27:08.522Z" },
    { url = "https://files.pythonhosted.org/packages/de/b5/39be78f30b31ee9f5a585969930c7248354db90494ff5e3d0756560fb731/ty-0.0.17-py3-none-win_amd64.whl", hash = "sha256:531828267527aee7a63e972f54e5eee21d9281b72baf18e5c2850c6b862add83", size = 10542138, upload-time = "2026-02-13T13:27:17.084Z" },
    { url = "https://files.pythonhosted.org/packages/40/b7/f875c729c5d0079640c75bad2c7e5d43edc90f16ba242f28a11966df8f65/ty-0.0.17-py3-none-win_arm64.whl", hash = "sha256:de9810234c0c8d75073457e10a84825b9cd72e6629826b7f01c7a0b266ae25b1", size = 10023068, upload-time = "2026-02-13T13:26:39.637Z" },
]

[[package]]
name = "typing-extensions"
version = "4.15.0"
source = { registry = "https://pypi.org/simple" }
sdist = { url = "https://files.pythonhosted.org/packages/72/94/1a15dd82efb362ac84269196e94cf00f187f7ed21c242792a923cdb1c61f/typing_extensions-4.15.0.tar.gz", hash = "sha256:0cea48d173cc12fa28ecabc3b837ea3cf6f38c6d1136f85cbaaf598984861466", size = 109391, upload-time = "2025-08-25T13:49:26.313Z" }
wheels = [
    { url = "https://files.pythonhosted.org/packages/18/67/36e9267722cc04a6b9f15c7f3441c2363321a3ea07da7ae0c0707beb2a9c/typing_extensions-4.15.0-py3-none-any.whl", hash = "sha256:f0fa19c6845758ab08074a0cfa8b7aecb71c999ca73d62883bc25cc018c4e548", size = 44614, upload-time = "2025-08-25T13:49:24.86Z" },
]

[[package]]
name = "ugoite-core"
source = { editable = "." }

[package.dev-dependencies]
dev = [
    { name = "maturin" },
    { name = "patchelf" },
    { name = "pytest" },
    { name = "pytest-asyncio" },
    { name = "ruff" },
    { name = "ty" },
]

[package.metadata]

[package.metadata.requires-dev]
dev = [
    { name = "maturin", specifier = ">=1.5,<2.0" },
    { name = "patchelf", specifier = ">=0.17.0,<0.18.0" },
    { name = "pytest", specifier = ">=9.0.1" },
    { name = "pytest-asyncio", specifier = ">=1.3.0" },
    { name = "ruff", specifier = ">=0.14.7" },
    { name = "ty", specifier = ">=0.0.11" },
]
